// !$*UTF8*$!
{
	archiveVersion = 1;
	classes = {
	};
	objectVersion = 77;
	objects = {

/* Begin PBXBuildFile section */
		F79FE1A12ED395D6006FFFF5 /* MapLibreSwiftDSL in Frameworks */ = {isa = PBXBuildFile; productRef = F79FE1A02ED395D6006FFFF5 /* MapLibreSwiftDSL */; };
		F79FE1A32ED395D6006FFFF5 /* MapLibreSwiftMacros in Frameworks */ = {isa = PBXBuildFile; productRef = F79FE1A22ED395D6006FFFF5 /* MapLibreSwiftMacros */; };
		F79FE1A52ED395D6006FFFF5 /* MapLibreSwiftUI in Frameworks */ = {isa = PBXBuildFile; productRef = F79FE1A42ED395D6006FFFF5 /* MapLibreSwiftUI */; };
		F7A569892ED68FB600658D21 /* MapLibreSwiftDSL in Frameworks */ = {isa = PBXBuildFile; productRef = F7A569882ED68FB600658D21 /* MapLibreSwiftDSL */; };
		F7A5698B2ED68FB600658D21 /* MapLibreSwiftMacros in Frameworks */ = {isa = PBXBuildFile; productRef = F7A5698A2ED68FB600658D21 /* MapLibreSwiftMacros */; };
		F7A5698D2ED68FB600658D21 /* MapLibreSwiftUI in Frameworks */ = {isa = PBXBuildFile; productRef = F7A5698C2ED68FB600658D21 /* MapLibreSwiftUI */; };
/* End PBXBuildFile section */

/* Begin PBXFileReference section */
		F71913C12EC82B7700AAA2A3 /* Catenary Maps.app */ = {isa = PBXFileReference; explicitFileType = wrapper.application; includeInIndex = 0; path = "Catenary Maps.app"; sourceTree = BUILT_PRODUCTS_DIR; };
/* End PBXFileReference section */

/* Begin PBXFileSystemSynchronizedRootGroup section */
		F71913C32EC82B7700AAA2A3 /* catenary-ios */ = {
			isa = PBXFileSystemSynchronizedRootGroup;
			path = "catenary-ios";
			sourceTree = "<group>";
		};
/* End PBXFileSystemSynchronizedRootGroup section */

/* Begin PBXFrameworksBuildPhase section */
		F71913BE2EC82B7700AAA2A3 /* Frameworks */ = {
			isa = PBXFrameworksBuildPhase;
			buildActionMask = 2147483647;
			files = (
				F7A5698D2ED68FB600658D21 /* MapLibreSwiftUI in Frameworks */,
				F7A569892ED68FB600658D21 /* MapLibreSwiftDSL in Frameworks */,
				F79FE1A52ED395D6006FFFF5 /* MapLibreSwiftUI in Frameworks */,
				F7A5698B2ED68FB600658D21 /* MapLibreSwiftMacros in Frameworks */,
				F79FE1A12ED395D6006FFFF5 /* MapLibreSwiftDSL in Frameworks */,
				F79FE1A32ED395D6006FFFF5 /* MapLibreSwiftMacros in Frameworks */,
			);
			runOnlyForDeploymentPostprocessing = 0;
		};
/* End PBXFrameworksBuildPhase section */

/* Begin PBXGroup section */
		F71913B82EC82B7700AAA2A3 = {
			isa = PBXGroup;
			children = (
				F71913C32EC82B7700AAA2A3 /* catenary-ios */,
				F71913C22EC82B7700AAA2A3 /* Products */,
			);
			sourceTree = "<group>";
		};
		F71913C22EC82B7700AAA2A3 /* Products */ = {
			isa = PBXGroup;
			children = (
				F71913C12EC82B7700AAA2A3 /* Catenary Maps.app */,
			);
			name = Products;
			sourceTree = "<group>";
		};
/* End PBXGroup section */

/* Begin PBXNativeTarget section */
		F71913C02EC82B7700AAA2A3 /* catenary-ios */ = {
			isa = PBXNativeTarget;
			buildConfigurationList = F71913CF2EC82B7900AAA2A3 /* Build configuration list for PBXNativeTarget "catenary-ios" */;
			buildPhases = (
				F71913BD2EC82B7700AAA2A3 /* Sources */,
				F71913BE2EC82B7700AAA2A3 /* Frameworks */,
				F71913BF2EC82B7700AAA2A3 /* Resources */,
			);
			buildRules = (
			);
			dependencies = (
			);
			fileSystemSynchronizedGroups = (
				F71913C32EC82B7700AAA2A3 /* catenary-ios */,
			);
			name = "catenary-ios";
			packageProductDependencies = (
				F79FE1A02ED395D6006FFFF5 /* MapLibreSwiftDSL */,
				F79FE1A22ED395D6006FFFF5 /* MapLibreSwiftMacros */,
				F79FE1A42ED395D6006FFFF5 /* MapLibreSwiftUI */,
				F7A569882ED68FB600658D21 /* MapLibreSwiftDSL */,
				F7A5698A2ED68FB600658D21 /* MapLibreSwiftMacros */,
				F7A5698C2ED68FB600658D21 /* MapLibreSwiftUI */,
			);
			productName = "catenary-ios";
			productReference = F71913C12EC82B7700AAA2A3 /* Catenary Maps.app */;
			productType = "com.apple.product-type.application";
		};
/* End PBXNativeTarget section */

/* Begin PBXProject section */
		F71913B92EC82B7700AAA2A3 /* Project object */ = {
			isa = PBXProject;
			attributes = {
				BuildIndependentTargetsInParallel = 1;
				LastSwiftUpdateCheck = 1600;
				LastUpgradeCheck = 1600;
				TargetAttributes = {
					F71913C02EC82B7700AAA2A3 = {
						CreatedOnToolsVersion = 16.0;
					};
				};
			};
			buildConfigurationList = F71913BC2EC82B7700AAA2A3 /* Build configuration list for PBXProject "catenary-ios" */;
			developmentRegion = en;
			hasScannedForEncodings = 0;
			knownRegions = (
				en,
				Base,
			);
			mainGroup = F71913B82EC82B7700AAA2A3;
			minimizedProjectReferenceProxies = 1;
			packageReferences = (
				F7A569872ED68FB600658D21 /* XCRemoteSwiftPackageReference "swiftui-dsl" */,
			);
			preferredProjectObjectVersion = 77;
			productRefGroup = F71913C22EC82B7700AAA2A3 /* Products */;
			projectDirPath = "";
			projectRoot = "";
			targets = (
				F71913C02EC82B7700AAA2A3 /* catenary-ios */,
			);
		};
/* End PBXProject section */

/* Begin PBXResourcesBuildPhase section */
		F71913BF2EC82B7700AAA2A3 /* Resources */ = {
			isa = PBXResourcesBuildPhase;
			buildActionMask = 2147483647;
			files = (
			);
			runOnlyForDeploymentPostprocessing = 0;
		};
/* End PBXResourcesBuildPhase section */

/* Begin PBXSourcesBuildPhase section */
		F71913BD2EC82B7700AAA2A3 /* Sources */ = {
			isa = PBXSourcesBuildPhase;
			buildActionMask = 2147483647;
			files = (
			);
			runOnlyForDeploymentPostprocessing = 0;
		};
/* End PBXSourcesBuildPhase section */

/* Begin XCBuildConfiguration section */
		F71913CD2EC82B7900AAA2A3 /* Debug */ = {
			isa = XCBuildConfiguration;
			buildSettings = {
				ALWAYS_SEARCH_USER_PATHS = NO;
				ASSETCATALOG_COMPILER_GENERATE_SWIFT_ASSET_SYMBOL_EXTENSIONS = YES;
				CLANG_ANALYZER_NONNULL = YES;
				CLANG_ANALYZER_NUMBER_OBJECT_CONVERSION = YES_AGGRESSIVE;
				CLANG_CXX_LANGUAGE_STANDARD = "gnu++20";
				CLANG_ENABLE_MODULES = YES;
				CLANG_ENABLE_OBJC_ARC = YES;
				CLANG_ENABLE_OBJC_WEAK = YES;
				CLANG_WARN_BLOCK_CAPTURE_AUTORELEASING = YES;
				CLANG_WARN_BOOL_CONVERSION = YES;
				CLANG_WARN_COMMA = YES;
				CLANG_WARN_CONSTANT_CONVERSION = YES;
				CLANG_WARN_DEPRECATED_OBJC_IMPLEMENTATIONS = YES;
				CLANG_WARN_DIRECT_OBJC_ISA_USAGE = YES_ERROR;
				CLANG_WARN_DOCUMENTATION_COMMENTS = YES;
				CLANG_WARN_EMPTY_BODY = YES;
				CLANG_WARN_ENUM_CONVERSION = YES;
				CLANG_WARN_INFINITE_RECURSION = YES;
				CLANG_WARN_INT_CONVERSION = YES;
				CLANG_WARN_NON_LITERAL_NULL_CONVERSION = YES;
				CLANG_WARN_OBJC_IMPLICIT_RETAIN_SELF = YES;
				CLANG_WARN_OBJC_LITERAL_CONVERSION = YES;
				CLANG_WARN_OBJC_ROOT_CLASS = YES_ERROR;
				CLANG_WARN_QUOTED_INCLUDE_IN_FRAMEWORK_HEADER = YES;
				CLANG_WARN_RANGE_LOOP_ANALYSIS = YES;
				CLANG_WARN_STRICT_PROTOTYPES = YES;
				CLANG_WARN_SUSPICIOUS_MOVE = YES;
				CLANG_WARN_UNGUARDED_AVAILABILITY = YES_AGGRESSIVE;
				CLANG_WARN_UNREACHABLE_CODE = YES;
				CLANG_WARN__DUPLICATE_METHOD_MATCH = YES;
				COPY_PHASE_STRIP = NO;
				DEBUG_INFORMATION_FORMAT = dwarf;
				ENABLE_STRICT_OBJC_MSGSEND = YES;
				ENABLE_TESTABILITY = YES;
				ENABLE_USER_SCRIPT_SANDBOXING = YES;
				GCC_C_LANGUAGE_STANDARD = gnu17;
				GCC_DYNAMIC_NO_PIC = NO;
				GCC_NO_COMMON_BLOCKS = YES;
				GCC_OPTIMIZATION_LEVEL = 0;
				GCC_PREPROCESSOR_DEFINITIONS = (
					"DEBUG=1",
					"$(inherited)",
				);
				GCC_WARN_64_TO_32_BIT_CONVERSION = YES;
				GCC_WARN_ABOUT_RETURN_TYPE = YES_ERROR;
				GCC_WARN_UNDECLARED_SELECTOR = YES;
				GCC_WARN_UNINITIALIZED_AUTOS = YES_AGGRESSIVE;
				GCC_WARN_UNUSED_FUNCTION = YES;
				GCC_WARN_UNUSED_VARIABLE = YES;
				IPHONEOS_DEPLOYMENT_TARGET = 18.0;
				LOCALIZATION_PREFERS_STRING_CATALOGS = YES;
				MTL_ENABLE_DEBUG_INFO = INCLUDE_SOURCE;
				MTL_FAST_MATH = YES;
				ONLY_ACTIVE_ARCH = YES;
				SDKROOT = iphoneos;
				SWIFT_ACTIVE_COMPILATION_CONDITIONS = "DEBUG $(inherited)";
				SWIFT_OPTIMIZATION_LEVEL = "-Onone";
			};
			name = Debug;
		};
		F71913CE2EC82B7900AAA2A3 /* Release */ = {
			isa = XCBuildConfiguration;
			buildSettings = {
				ALWAYS_SEARCH_USER_PATHS = NO;
				ASSETCATALOG_COMPILER_GENERATE_SWIFT_ASSET_SYMBOL_EXTENSIONS = YES;
				CLANG_ANALYZER_NONNULL = YES;
				CLANG_ANALYZER_NUMBER_OBJECT_CONVERSION = YES_AGGRESSIVE;
				CLANG_CXX_LANGUAGE_STANDARD = "gnu++20";
				CLANG_ENABLE_MODULES = YES;
				CLANG_ENABLE_OBJC_ARC = YES;
				CLANG_ENABLE_OBJC_WEAK = YES;
				CLANG_WARN_BLOCK_CAPTURE_AUTORELEASING = YES;
				CLANG_WARN_BOOL_CONVERSION = YES;
				CLANG_WARN_COMMA = YES;
				CLANG_WARN_CONSTANT_CONVERSION = YES;
				CLANG_WARN_DEPRECATED_OBJC_IMPLEMENTATIONS = YES;
				CLANG_WARN_DIRECT_OBJC_ISA_USAGE = YES_ERROR;
				CLANG_WARN_DOCUMENTATION_COMMENTS = YES;
				CLANG_WARN_EMPTY_BODY = YES;
				CLANG_WARN_ENUM_CONVERSION = YES;
				CLANG_WARN_INFINITE_RECURSION = YES;
				CLANG_WARN_INT_CONVERSION = YES;
				CLANG_WARN_NON_LITERAL_NULL_CONVERSION = YES;
				CLANG_WARN_OBJC_IMPLICIT_RETAIN_SELF = YES;
				CLANG_WARN_OBJC_LITERAL_CONVERSION = YES;
				CLANG_WARN_OBJC_ROOT_CLASS = YES_ERROR;
				CLANG_WARN_QUOTED_INCLUDE_IN_FRAMEWORK_HEADER = YES;
				CLANG_WARN_RANGE_LOOP_ANALYSIS = YES;
				CLANG_WARN_STRICT_PROTOTYPES = YES;
				CLANG_WARN_SUSPICIOUS_MOVE = YES;
				CLANG_WARN_UNGUARDED_AVAILABILITY = YES_AGGRESSIVE;
				CLANG_WARN_UNREACHABLE_CODE = YES;
				CLANG_WARN__DUPLICATE_METHOD_MATCH = YES;
				COPY_PHASE_STRIP = NO;
				DEBUG_INFORMATION_FORMAT = "dwarf-with-dsym";
				ENABLE_NS_ASSERTIONS = NO;
				ENABLE_STRICT_OBJC_MSGSEND = YES;
				ENABLE_USER_SCRIPT_SANDBOXING = YES;
				GCC_C_LANGUAGE_STANDARD = gnu17;
				GCC_NO_COMMON_BLOCKS = YES;
				GCC_WARN_64_TO_32_BIT_CONVERSION = YES;
				GCC_WARN_ABOUT_RETURN_TYPE = YES_ERROR;
				GCC_WARN_UNDECLARED_SELECTOR = YES;
				GCC_WARN_UNINITIALIZED_AUTOS = YES_AGGRESSIVE;
				GCC_WARN_UNUSED_FUNCTION = YES;
				GCC_WARN_UNUSED_VARIABLE = YES;
				IPHONEOS_DEPLOYMENT_TARGET = 18.0;
				LOCALIZATION_PREFERS_STRING_CATALOGS = YES;
				MTL_ENABLE_DEBUG_INFO = NO;
				MTL_FAST_MATH = YES;
				SDKROOT = iphoneos;
				SWIFT_COMPILATION_MODE = wholemodule;
				VALIDATE_PRODUCT = YES;
			};
			name = Release;
		};
		F71913D02EC82B7900AAA2A3 /* Debug */ = {
			isa = XCBuildConfiguration;
			buildSettings = {
				ASSETCATALOG_COMPILER_APPICON_NAME = "Catenary Icon";
				ASSETCATALOG_COMPILER_GLOBAL_ACCENT_COLOR_NAME = AccentColor;
				ASSETCATALOG_COMPILER_INCLUDE_ALL_APPICON_ASSETS = YES;
				CODE_SIGN_STYLE = Automatic;
				CURRENT_PROJECT_VERSION = 1;
				DEVELOPMENT_ASSET_PATHS = "";
				DEVELOPMENT_TEAM = A4LWZWFMJ4;
				ENABLE_PREVIEWS = YES;
				GENERATE_INFOPLIST_FILE = YES;
				INFOPLIST_KEY_LSApplicationCategoryType = "";
				INFOPLIST_KEY_NSLocationWhenInUseUsageDescription = "Catenary needs access to your location to provide location-based services.";
				INFOPLIST_KEY_UIApplicationSceneManifest_Generation = YES;
				INFOPLIST_KEY_UIApplicationSupportsIndirectInputEvents = YES;
				INFOPLIST_KEY_UILaunchScreen_Generation = YES;
				INFOPLIST_KEY_UISupportedInterfaceOrientations_iPad = "UIInterfaceOrientationPortrait UIInterfaceOrientationPortraitUpsideDown UIInterfaceOrientationLandscapeLeft UIInterfaceOrientationLandscapeRight";
				INFOPLIST_KEY_UISupportedInterfaceOrientations_iPhone = "UIInterfaceOrientationPortrait UIInterfaceOrientationLandscapeLeft UIInterfaceOrientationLandscapeRight";
				LD_RUNPATH_SEARCH_PATHS = (
					"$(inherited)",
					"@executable_path/Frameworks",
				);
				MARKETING_VERSION = 1.0;
				PRODUCT_BUNDLE_IDENTIFIER = "CatenaryTransit.catenary-ios";
				PRODUCT_NAME = "Catenary Maps";
				SWIFT_EMIT_LOC_STRINGS = YES;
				SWIFT_VERSION = 5.0;
				TARGETED_DEVICE_FAMILY = "1,2";
			};
			name = Debug;
		};
		F71913D12EC82B7900AAA2A3 /* Release */ = {
			isa = XCBuildConfiguration;
			buildSettings = {
				ASSETCATALOG_COMPILER_APPICON_NAME = "Catenary Icon";
				ASSETCATALOG_COMPILER_GLOBAL_ACCENT_COLOR_NAME = AccentColor;
				ASSETCATALOG_COMPILER_INCLUDE_ALL_APPICON_ASSETS = YES;
				CODE_SIGN_STYLE = Automatic;
				CURRENT_PROJECT_VERSION = 1;
				DEVELOPMENT_ASSET_PATHS = "";
				DEVELOPMENT_TEAM = A4LWZWFMJ4;
				ENABLE_PREVIEWS = YES;
				GENERATE_INFOPLIST_FILE = YES;
				INFOPLIST_KEY_LSApplicationCategoryType = "";
				INFOPLIST_KEY_NSLocationWhenInUseUsageDescription = "Catenary needs access to your location to provide location-based services.";
				INFOPLIST_KEY_UIApplicationSceneManifest_Generation = YES;
				INFOPLIST_KEY_UIApplicationSupportsIndirectInputEvents = YES;
				INFOPLIST_KEY_UILaunchScreen_Generation = YES;
				INFOPLIST_KEY_UISupportedInterfaceOrientations_iPad = "UIInterfaceOrientationPortrait UIInterfaceOrientationPortraitUpsideDown UIInterfaceOrientationLandscapeLeft UIInterfaceOrientationLandscapeRight";
				INFOPLIST_KEY_UISupportedInterfaceOrientations_iPhone = "UIInterfaceOrientationPortrait UIInterfaceOrientationLandscapeLeft UIInterfaceOrientationLandscapeRight";
				LD_RUNPATH_SEARCH_PATHS = (
					"$(inherited)",
					"@executable_path/Frameworks",
				);
				MARKETING_VERSION = 1.0;
				PRODUCT_BUNDLE_IDENTIFIER = "CatenaryTransit.catenary-ios";
				PRODUCT_NAME = "Catenary Maps";
				SWIFT_EMIT_LOC_STRINGS = YES;
				SWIFT_VERSION = 5.0;
				TARGETED_DEVICE_FAMILY = "1,2";
			};
			name = Release;
		};
/* End XCBuildConfiguration section */

/* Begin XCConfigurationList section */
		F71913BC2EC82B7700AAA2A3 /* Build configuration list for PBXProject "catenary-ios" */ = {
			isa = XCConfigurationList;
			buildConfigurations = (
				F71913CD2EC82B7900AAA2A3 /* Debug */,
				F71913CE2EC82B7900AAA2A3 /* Release */,
			);
			defaultConfigurationIsVisible = 0;
			defaultConfigurationName = Release;
		};
		F71913CF2EC82B7900AAA2A3 /* Build configuration list for PBXNativeTarget "catenary-ios" */ = {
			isa = XCConfigurationList;
			buildConfigurations = (
				F71913D02EC82B7900AAA2A3 /* Debug */,
				F71913D12EC82B7900AAA2A3 /* Release */,
			);
			defaultConfigurationIsVisible = 0;
			defaultConfigurationName = Release;
		};
/* End XCConfigurationList section */

/* Begin XCRemoteSwiftPackageReference section */
		F7A569872ED68FB600658D21 /* XCRemoteSwiftPackageReference "swiftui-dsl" */ = {
			isa = XCRemoteSwiftPackageReference;
			repositoryURL = "https://github.com/maplibre/swiftui-dsl";
			requirement = {
				branch = main;
				kind = branch;
			};
		};
/* End XCRemoteSwiftPackageReference section */

/* Begin XCSwiftPackageProductDependency section */
		F79FE1A02ED395D6006FFFF5 /* MapLibreSwiftDSL */ = {
			isa = XCSwiftPackageProductDependency;
			productName = MapLibreSwiftDSL;
		};
		F79FE1A22ED395D6006FFFF5 /* MapLibreSwiftMacros */ = {
			isa = XCSwiftPackageProductDependency;
			productName = MapLibreSwiftMacros;
		};
		F79FE1A42ED395D6006FFFF5 /* MapLibreSwiftUI */ = {
			isa = XCSwiftPackageProductDependency;
			productName = MapLibreSwiftUI;
		};
		F7A569882ED68FB600658D21 /* MapLibreSwiftDSL */ = {
			isa = XCSwiftPackageProductDependency;
			package = F7A569872ED68FB600658D21 /* XCRemoteSwiftPackageReference "swiftui-dsl" */;
			productName = MapLibreSwiftDSL;
		};
		F7A5698A2ED68FB600658D21 /* MapLibreSwiftMacros */ = {
			isa = XCSwiftPackageProductDependency;
			package = F7A569872ED68FB600658D21 /* XCRemoteSwiftPackageReference "swiftui-dsl" */;
			productName = MapLibreSwiftMacros;
		};
		F7A5698C2ED68FB600658D21 /* MapLibreSwiftUI */ = {
			isa = XCSwiftPackageProductDependency;
			package = F7A569872ED68FB600658D21 /* XCRemoteSwiftPackageReference "swiftui-dsl" */;
			productName = MapLibreSwiftUI;
		};
/* End XCSwiftPackageProductDependency section */
	};
	rootObject = F71913B92EC82B7700AAA2A3 /* Project object */;
}
